// !$*UTF8*$!
{
	archiveVersion = 1;
	classes = {
	};
	objectVersion = 56;
	objects = {

/* Begin PBXBuildFile section */
		481768EE2BFD80FC00A403D8 /* Choice.swift in Sources */ = {isa = PBXBuildFile; fileRef = 481768ED2BFD80FC00A403D8 /* Choice.swift */; };
		481768F02BFD892100A403D8 /* SelectionWithSwitch.swift in Sources */ = {isa = PBXBuildFile; fileRef = 481768EF2BFD892100A403D8 /* SelectionWithSwitch.swift */; };
		481768F22BFD914100A403D8 /* Nil.swift in Sources */ = {isa = PBXBuildFile; fileRef = 481768F12BFD914100A403D8 /* Nil.swift */; };
		481768F42BFDE85700A403D8 /* Option.swift in Sources */ = {isa = PBXBuildFile; fileRef = 481768F32BFDE85700A403D8 /* Option.swift */; };
		481768F62BFDF44800A403D8 /* Sample.swift in Sources */ = {isa = PBXBuildFile; fileRef = 481768F52BFDF44800A403D8 /* Sample.swift */; };
		4829E7722BF9D111003BF077 /* Condition.swift in Sources */ = {isa = PBXBuildFile; fileRef = 4829E7712BF9D111003BF077 /* Condition.swift */; };
		4829E7742BFB5239003BF077 /* Loop.swift in Sources */ = {isa = PBXBuildFile; fileRef = 4829E7732BFB5239003BF077 /* Loop.swift */; };
		4829E7762BFB5821003BF077 /* Function.swift in Sources */ = {isa = PBXBuildFile; fileRef = 4829E7752BFB5821003BF077 /* Function.swift */; };
		4829E7782BFB5E5C003BF077 /* Half.swift in Sources */ = {isa = PBXBuildFile; fileRef = 4829E7772BFB5E5C003BF077 /* Half.swift */; };
		483FD97B2BE64180001142D2 /* FastSwiftBasicApp.swift in Sources */ = {isa = PBXBuildFile; fileRef = 483FD97A2BE64180001142D2 /* FastSwiftBasicApp.swift */; };
		483FD97D2BE64180001142D2 /* ContentView.swift in Sources */ = {isa = PBXBuildFile; fileRef = 483FD97C2BE64180001142D2 /* ContentView.swift */; };
		483FD97F2BE64181001142D2 /* Assets.xcassets in Resources */ = {isa = PBXBuildFile; fileRef = 483FD97E2BE64181001142D2 /* Assets.xcassets */; };
		483FD9822BE64181001142D2 /* Preview Assets.xcassets in Resources */ = {isa = PBXBuildFile; fileRef = 483FD9812BE64181001142D2 /* Preview Assets.xcassets */; };
		483FD9892BE646B4001142D2 /* VarialbeType.swift in Sources */ = {isa = PBXBuildFile; fileRef = 483FD9882BE646B4001142D2 /* VarialbeType.swift */; };
		483FD98D2BE66680001142D2 /* MyCollections.swift in Sources */ = {isa = PBXBuildFile; fileRef = 483FD98C2BE66680001142D2 /* MyCollections.swift */; };
		48BF3E6F2BFCAF8000EF3BAF /* Half1.swift in Sources */ = {isa = PBXBuildFile; fileRef = 48BF3E6E2BFCAF8000EF3BAF /* Half1.swift */; };
		48BF3E712BFCB39100EF3BAF /* Elevator.swift in Sources */ = {isa = PBXBuildFile; fileRef = 48BF3E702BFCB39100EF3BAF /* Elevator.swift */; };
		48BF3E732BFCDF5F00EF3BAF /* ClassStructDiff.swift in Sources */ = {isa = PBXBuildFile; fileRef = 48BF3E722BFCDF5F00EF3BAF /* ClassStructDiff.swift */; };
/* End PBXBuildFile section */

/* Begin PBXFileReference section */
		481768ED2BFD80FC00A403D8 /* Choice.swift */ = {isa = PBXFileReference; lastKnownFileType = sourcecode.swift; path = Choice.swift; sourceTree = "<group>"; };
		481768EF2BFD892100A403D8 /* SelectionWithSwitch.swift */ = {isa = PBXFileReference; lastKnownFileType = sourcecode.swift; path = SelectionWithSwitch.swift; sourceTree = "<group>"; };
		481768F12BFD914100A403D8 /* Nil.swift */ = {isa = PBXFileReference; lastKnownFileType = sourcecode.swift; path = Nil.swift; sourceTree = "<group>"; };
		481768F32BFDE85700A403D8 /* Option.swift */ = {isa = PBXFileReference; lastKnownFileType = sourcecode.swift; path = Option.swift; sourceTree = "<group>"; };
		481768F52BFDF44800A403D8 /* Sample.swift */ = {isa = PBXFileReference; lastKnownFileType = sourcecode.swift; path = Sample.swift; sourceTree = "<group>"; };
		4829E7712BF9D111003BF077 /* Condition.swift */ = {isa = PBXFileReference; lastKnownFileType = sourcecode.swift; path = Condition.swift; sourceTree = "<group>"; };
		4829E7732BFB5239003BF077 /* Loop.swift */ = {isa = PBXFileReference; lastKnownFileType = sourcecode.swift; path = Loop.swift; sourceTree = "<group>"; };
		4829E7752BFB5821003BF077 /* Function.swift */ = {isa = PBXFileReference; lastKnownFileType = sourcecode.swift; path = Function.swift; sourceTree = "<group>"; };
		4829E7772BFB5E5C003BF077 /* Half.swift */ = {isa = PBXFileReference; lastKnownFileType = sourcecode.swift; path = Half.swift; sourceTree = "<group>"; };
		483FD9772BE64180001142D2 /* FastSwiftBasic.app */ = {isa = PBXFileReference; explicitFileType = wrapper.application; includeInIndex = 0; path = FastSwiftBasic.app; sourceTree = BUILT_PRODUCTS_DIR; };
		483FD97A2BE64180001142D2 /* FastSwiftBasicApp.swift */ = {isa = PBXFileReference; lastKnownFileType = sourcecode.swift; path = FastSwiftBasicApp.swift; sourceTree = "<group>"; };
		483FD97C2BE64180001142D2 /* ContentView.swift */ = {isa = PBXFileReference; lastKnownFileType = sourcecode.swift; path = ContentView.swift; sourceTree = "<group>"; };
		483FD97E2BE64181001142D2 /* Assets.xcassets */ = {isa = PBXFileReference; lastKnownFileType = folder.assetcatalog; path = Assets.xcassets; sourceTree = "<group>"; };
		483FD9812BE64181001142D2 /* Preview Assets.xcassets */ = {isa = PBXFileReference; lastKnownFileType = folder.assetcatalog; path = "Preview Assets.xcassets"; sourceTree = "<group>"; };
		483FD9882BE646B4001142D2 /* VarialbeType.swift */ = {isa = PBXFileReference; lastKnownFileType = sourcecode.swift; path = VarialbeType.swift; sourceTree = "<group>"; };
		483FD98C2BE66680001142D2 /* MyCollections.swift */ = {isa = PBXFileReference; lastKnownFileType = sourcecode.swift; path = MyCollections.swift; sourceTree = "<group>"; };
		48BF3E6E2BFCAF8000EF3BAF /* Half1.swift */ = {isa = PBXFileReference; lastKnownFileType = sourcecode.swift; path = Half1.swift; sourceTree = "<group>"; };
		48BF3E702BFCB39100EF3BAF /* Elevator.swift */ = {isa = PBXFileReference; lastKnownFileType = sourcecode.swift; path = Elevator.swift; sourceTree = "<group>"; };
		48BF3E722BFCDF5F00EF3BAF /* ClassStructDiff.swift */ = {isa = PBXFileReference; lastKnownFileType = sourcecode.swift; path = ClassStructDiff.swift; sourceTree = "<group>"; };
/* End PBXFileReference section */

/* Begin PBXFrameworksBuildPhase section */
		483FD9742BE64180001142D2 /* Frameworks */ = {
			isa = PBXFrameworksBuildPhase;
			buildActionMask = 2147483647;
			files = (
			);
			runOnlyForDeploymentPostprocessing = 0;
		};
/* End PBXFrameworksBuildPhase section */

/* Begin PBXGroup section */
		483FD96E2BE64180001142D2 = {
			isa = PBXGroup;
			children = (
				483FD9792BE64180001142D2 /* FastSwiftBasic */,
				483FD9782BE64180001142D2 /* Products */,
			);
			sourceTree = "<group>";
		};
		483FD9782BE64180001142D2 /* Products */ = {
			isa = PBXGroup;
			children = (
				483FD9772BE64180001142D2 /* FastSwiftBasic.app */,
			);
			name = Products;
			sourceTree = "<group>";
		};
		483FD9792BE64180001142D2 /* FastSwiftBasic */ = {
			isa = PBXGroup;
			children = (
				483FD97A2BE64180001142D2 /* FastSwiftBasicApp.swift */,
				483FD97C2BE64180001142D2 /* ContentView.swift */,
				483FD97E2BE64181001142D2 /* Assets.xcassets */,
				483FD9802BE64181001142D2 /* Preview Content */,
				483FD9882BE646B4001142D2 /* VarialbeType.swift */,
				483FD98C2BE66680001142D2 /* MyCollections.swift */,
				4829E7712BF9D111003BF077 /* Condition.swift */,
				4829E7732BFB5239003BF077 /* Loop.swift */,
				4829E7752BFB5821003BF077 /* Function.swift */,
				4829E7772BFB5E5C003BF077 /* Half.swift */,
				48BF3E6E2BFCAF8000EF3BAF /* Half1.swift */,
				48BF3E702BFCB39100EF3BAF /* Elevator.swift */,
				48BF3E722BFCDF5F00EF3BAF /* ClassStructDiff.swift */,
				481768ED2BFD80FC00A403D8 /* Choice.swift */,
				481768EF2BFD892100A403D8 /* SelectionWithSwitch.swift */,
				481768F12BFD914100A403D8 /* Nil.swift */,
				481768F32BFDE85700A403D8 /* Option.swift */,
				481768F52BFDF44800A403D8 /* Sample.swift */,
			);
			path = FastSwiftBasic;
			sourceTree = "<group>";
		};
		483FD9802BE64181001142D2 /* Preview Content */ = {
			isa = PBXGroup;
			children = (
				483FD9812BE64181001142D2 /* Preview Assets.xcassets */,
			);
			path = "Preview Content";
			sourceTree = "<group>";
		};
/* End PBXGroup section */

/* Begin PBXNativeTarget section */
		483FD9762BE64180001142D2 /* FastSwiftBasic */ = {
			isa = PBXNativeTarget;
			buildConfigurationList = 483FD9852BE64181001142D2 /* Build configuration list for PBXNativeTarget "FastSwiftBasic" */;
			buildPhases = (
				483FD9732BE64180001142D2 /* Sources */,
				483FD9742BE64180001142D2 /* Frameworks */,
				483FD9752BE64180001142D2 /* Resources */,
			);
			buildRules = (
			);
			dependencies = (
			);
			name = FastSwiftBasic;
			productName = FastSwiftBasic;
			productReference = 483FD9772BE64180001142D2 /* FastSwiftBasic.app */;
			productType = "com.apple.product-type.application";
		};
/* End PBXNativeTarget section */

/* Begin PBXProject section */
		483FD96F2BE64180001142D2 /* Project object */ = {
			isa = PBXProject;
			attributes = {
				BuildIndependentTargetsInParallel = 1;
				LastSwiftUpdateCheck = 1530;
				LastUpgradeCheck = 1530;
				TargetAttributes = {
					483FD9762BE64180001142D2 = {
						CreatedOnToolsVersion = 15.3;
					};
				};
			};
			buildConfigurationList = 483FD9722BE64180001142D2 /* Build configuration list for PBXProject "FastSwiftBasic" */;
			compatibilityVersion = "Xcode 14.0";
			developmentRegion = en;
			hasScannedForEncodings = 0;
			knownRegions = (
				en,
				Base,
			);
			mainGroup = 483FD96E2BE64180001142D2;
			productRefGroup = 483FD9782BE64180001142D2 /* Products */;
			projectDirPath = "";
			projectRoot = "";
			targets = (
				483FD9762BE64180001142D2 /* FastSwiftBasic */,
			);
		};
/* End PBXProject section */

/* Begin PBXResourcesBuildPhase section */
		483FD9752BE64180001142D2 /* Resources */ = {
			isa = PBXResourcesBuildPhase;
			buildActionMask = 2147483647;
			files = (
				483FD9822BE64181001142D2 /* Preview Assets.xcassets in Resources */,
				483FD97F2BE64181001142D2 /* Assets.xcassets in Resources */,
			);
			runOnlyForDeploymentPostprocessing = 0;
		};
/* End PBXResourcesBuildPhase section */

/* Begin PBXSourcesBuildPhase section */
		483FD9732BE64180001142D2 /* Sources */ = {
			isa = PBXSourcesBuildPhase;
			buildActionMask = 2147483647;
			files = (
				4829E7782BFB5E5C003BF077 /* Half.swift in Sources */,
				483FD9892BE646B4001142D2 /* VarialbeType.swift in Sources */,
				48BF3E6F2BFCAF8000EF3BAF /* Half1.swift in Sources */,
				481768F22BFD914100A403D8 /* Nil.swift in Sources */,
				483FD97D2BE64180001142D2 /* ContentView.swift in Sources */,
				4829E7762BFB5821003BF077 /* Function.swift in Sources */,
				48BF3E732BFCDF5F00EF3BAF /* ClassStructDiff.swift in Sources */,
				481768F42BFDE85700A403D8 /* Option.swift in Sources */,
				481768EE2BFD80FC00A403D8 /* Choice.swift in Sources */,
				481768F62BFDF44800A403D8 /* Sample.swift in Sources */,
				48BF3E712BFCB39100EF3BAF /* Elevator.swift in Sources */,
				483FD97B2BE64180001142D2 /* FastSwiftBasicApp.swift in Sources */,
				481768F02BFD892100A403D8 /* SelectionWithSwitch.swift in Sources */,
				4829E7742BFB5239003BF077 /* Loop.swift in Sources */,
				483FD98D2BE66680001142D2 /* MyCollections.swift in Sources */,
				4829E7722BF9D111003BF077 /* Condition.swift in Sources */,
			);
			runOnlyForDeploymentPostprocessing = 0;
		};
/* End PBXSourcesBuildPhase section */

/* Begin XCBuildConfiguration section */
		483FD9832BE64181001142D2 /* Debug */ = {
			isa = XCBuildConfiguration;
			buildSettings = {
				ALWAYS_SEARCH_USER_PATHS = NO;
				ASSETCATALOG_COMPILER_GENERATE_SWIFT_ASSET_SYMBOL_EXTENSIONS = YES;
				CLANG_ANALYZER_NONNULL = YES;
				CLANG_ANALYZER_NUMBER_OBJECT_CONVERSION = YES_AGGRESSIVE;
				CLANG_CXX_LANGUAGE_STANDARD = "gnu++20";
				CLANG_ENABLE_MODULES = YES;
				CLANG_ENABLE_OBJC_ARC = YES;
				CLANG_ENABLE_OBJC_WEAK = YES;
				CLANG_WARN_BLOCK_CAPTURE_AUTORELEASING = YES;
				CLANG_WARN_BOOL_CONVERSION = YES;
				CLANG_WARN_COMMA = YES;
				CLANG_WARN_CONSTANT_CONVERSION = YES;
				CLANG_WARN_DEPRECATED_OBJC_IMPLEMENTATIONS = YES;
				CLANG_WARN_DIRECT_OBJC_ISA_USAGE = YES_ERROR;
				CLANG_WARN_DOCUMENTATION_COMMENTS = YES;
				CLANG_WARN_EMPTY_BODY = YES;
				CLANG_WARN_ENUM_CONVERSION = YES;
				CLANG_WARN_INFINITE_RECURSION = YES;
				CLANG_WARN_INT_CONVERSION = YES;
				CLANG_WARN_NON_LITERAL_NULL_CONVERSION = YES;
				CLANG_WARN_OBJC_IMPLICIT_RETAIN_SELF = YES;
				CLANG_WARN_OBJC_LITERAL_CONVERSION = YES;
				CLANG_WARN_OBJC_ROOT_CLASS = YES_ERROR;
				CLANG_WARN_QUOTED_INCLUDE_IN_FRAMEWORK_HEADER = YES;
				CLANG_WARN_RANGE_LOOP_ANALYSIS = YES;
				CLANG_WARN_STRICT_PROTOTYPES = YES;
				CLANG_WARN_SUSPICIOUS_MOVE = YES;
				CLANG_WARN_UNGUARDED_AVAILABILITY = YES_AGGRESSIVE;
				CLANG_WARN_UNREACHABLE_CODE = YES;
				CLANG_WARN__DUPLICATE_METHOD_MATCH = YES;
				COPY_PHASE_STRIP = NO;
				DEBUG_INFORMATION_FORMAT = dwarf;
				ENABLE_STRICT_OBJC_MSGSEND = YES;
				ENABLE_TESTABILITY = YES;
				ENABLE_USER_SCRIPT_SANDBOXING = YES;
				GCC_C_LANGUAGE_STANDARD = gnu17;
				GCC_DYNAMIC_NO_PIC = NO;
				GCC_NO_COMMON_BLOCKS = YES;
				GCC_OPTIMIZATION_LEVEL = 0;
				GCC_PREPROCESSOR_DEFINITIONS = (
					"DEBUG=1",
					"$(inherited)",
				);
				GCC_WARN_64_TO_32_BIT_CONVERSION = YES;
				GCC_WARN_ABOUT_RETURN_TYPE = YES_ERROR;
				GCC_WARN_UNDECLARED_SELECTOR = YES;
				GCC_WARN_UNINITIALIZED_AUTOS = YES_AGGRESSIVE;
				GCC_WARN_UNUSED_FUNCTION = YES;
				GCC_WARN_UNUSED_VARIABLE = YES;
				IPHONEOS_DEPLOYMENT_TARGET = 17.4;
				LOCALIZATION_PREFERS_STRING_CATALOGS = YES;
				MTL_ENABLE_DEBUG_INFO = INCLUDE_SOURCE;
				MTL_FAST_MATH = YES;
				ONLY_ACTIVE_ARCH = YES;
				SDKROOT = iphoneos;
				SWIFT_ACTIVE_COMPILATION_CONDITIONS = "DEBUG $(inherited)";
				SWIFT_OPTIMIZATION_LEVEL = "-Onone";
			};
			name = Debug;
		};
		483FD9842BE64181001142D2 /* Release */ = {
			isa = XCBuildConfiguration;
			buildSettings = {
				ALWAYS_SEARCH_USER_PATHS = NO;
				ASSETCATALOG_COMPILER_GENERATE_SWIFT_ASSET_SYMBOL_EXTENSIONS = YES;
				CLANG_ANALYZER_NONNULL = YES;
				CLANG_ANALYZER_NUMBER_OBJECT_CONVERSION = YES_AGGRESSIVE;
				CLANG_CXX_LANGUAGE_STANDARD = "gnu++20";
				CLANG_ENABLE_MODULES = YES;
				CLANG_ENABLE_OBJC_ARC = YES;
				CLANG_ENABLE_OBJC_WEAK = YES;
				CLANG_WARN_BLOCK_CAPTURE_AUTORELEASING = YES;
				CLANG_WARN_BOOL_CONVERSION = YES;
				CLANG_WARN_COMMA = YES;
				CLANG_WARN_CONSTANT_CONVERSION = YES;
				CLANG_WARN_DEPRECATED_OBJC_IMPLEMENTATIONS = YES;
				CLANG_WARN_DIRECT_OBJC_ISA_USAGE = YES_ERROR;
				CLANG_WARN_DOCUMENTATION_COMMENTS = YES;
				CLANG_WARN_EMPTY_BODY = YES;
				CLANG_WARN_ENUM_CONVERSION = YES;
				CLANG_WARN_INFINITE_RECURSION = YES;
				CLANG_WARN_INT_CONVERSION = YES;
				CLANG_WARN_NON_LITERAL_NULL_CONVERSION = YES;
				CLANG_WARN_OBJC_IMPLICIT_RETAIN_SELF = YES;
				CLANG_WARN_OBJC_LITERAL_CONVERSION = YES;
				CLANG_WARN_OBJC_ROOT_CLASS = YES_ERROR;
				CLANG_WARN_QUOTED_INCLUDE_IN_FRAMEWORK_HEADER = YES;
				CLANG_WARN_RANGE_LOOP_ANALYSIS = YES;
				CLANG_WARN_STRICT_PROTOTYPES = YES;
				CLANG_WARN_SUSPICIOUS_MOVE = YES;
				CLANG_WARN_UNGUARDED_AVAILABILITY = YES_AGGRESSIVE;
				CLANG_WARN_UNREACHABLE_CODE = YES;
				CLANG_WARN__DUPLICATE_METHOD_MATCH = YES;
				COPY_PHASE_STRIP = NO;
				DEBUG_INFORMATION_FORMAT = "dwarf-with-dsym";
				ENABLE_NS_ASSERTIONS = NO;
				ENABLE_STRICT_OBJC_MSGSEND = YES;
				ENABLE_USER_SCRIPT_SANDBOXING = YES;
				GCC_C_LANGUAGE_STANDARD = gnu17;
				GCC_NO_COMMON_BLOCKS = YES;
				GCC_WARN_64_TO_32_BIT_CONVERSION = YES;
				GCC_WARN_ABOUT_RETURN_TYPE = YES_ERROR;
				GCC_WARN_UNDECLARED_SELECTOR = YES;
				GCC_WARN_UNINITIALIZED_AUTOS = YES_AGGRESSIVE;
				GCC_WARN_UNUSED_FUNCTION = YES;
				GCC_WARN_UNUSED_VARIABLE = YES;
				IPHONEOS_DEPLOYMENT_TARGET = 17.4;
				LOCALIZATION_PREFERS_STRING_CATALOGS = YES;
				MTL_ENABLE_DEBUG_INFO = NO;
				MTL_FAST_MATH = YES;
				SDKROOT = iphoneos;
				SWIFT_COMPILATION_MODE = wholemodule;
				VALIDATE_PRODUCT = YES;
			};
			name = Release;
		};
		483FD9862BE64181001142D2 /* Debug */ = {
			isa = XCBuildConfiguration;
			buildSettings = {
				ASSETCATALOG_COMPILER_APPICON_NAME = AppIcon;
				ASSETCATALOG_COMPILER_GLOBAL_ACCENT_COLOR_NAME = AccentColor;
				CODE_SIGN_STYLE = Automatic;
				CURRENT_PROJECT_VERSION = 1;
				DEVELOPMENT_ASSET_PATHS = "\"FastSwiftBasic/Preview Content\"";
				DEVELOPMENT_TEAM = CPH2R74P9R;
				ENABLE_PREVIEWS = YES;
				GENERATE_INFOPLIST_FILE = YES;
				INFOPLIST_KEY_UIApplicationSceneManifest_Generation = YES;
				INFOPLIST_KEY_UIApplicationSupportsIndirectInputEvents = YES;
				INFOPLIST_KEY_UILaunchScreen_Generation = YES;
				INFOPLIST_KEY_UISupportedInterfaceOrientations_iPad = "UIInterfaceOrientationPortrait UIInterfaceOrientationPortraitUpsideDown UIInterfaceOrientationLandscapeLeft UIInterfaceOrientationLandscapeRight";
				INFOPLIST_KEY_UISupportedInterfaceOrientations_iPhone = "UIInterfaceOrientationPortrait UIInterfaceOrientationLandscapeLeft UIInterfaceOrientationLandscapeRight";
				LD_RUNPATH_SEARCH_PATHS = (
					"$(inherited)",
					"@executable_path/Frameworks",
				);
				MARKETING_VERSION = 1.0;
				PRODUCT_BUNDLE_IDENTIFIER = com.fastCampus.FastSwiftBasic;
				PRODUCT_NAME = "$(TARGET_NAME)";
				SWIFT_EMIT_LOC_STRINGS = YES;
				SWIFT_VERSION = 5.0;
				TARGETED_DEVICE_FAMILY = "1,2";
			};
			name = Debug;
		};
		483FD9872BE64181001142D2 /* Release */ = {
			isa = XCBuildConfiguration;
			buildSettings = {
				ASSETCATALOG_COMPILER_APPICON_NAME = AppIcon;
				ASSETCATALOG_COMPILER_GLOBAL_ACCENT_COLOR_NAME = AccentColor;
				CODE_SIGN_STYLE = Automatic;
				CURRENT_PROJECT_VERSION = 1;
				DEVELOPMENT_ASSET_PATHS = "\"FastSwiftBasic/Preview Content\"";
				DEVELOPMENT_TEAM = CPH2R74P9R;
				ENABLE_PREVIEWS = YES;
				GENERATE_INFOPLIST_FILE = YES;
				INFOPLIST_KEY_UIApplicationSceneManifest_Generation = YES;
				INFOPLIST_KEY_UIApplicationSupportsIndirectInputEvents = YES;
				INFOPLIST_KEY_UILaunchScreen_Generation = YES;
				INFOPLIST_KEY_UISupportedInterfaceOrientations_iPad = "UIInterfaceOrientationPortrait UIInterfaceOrientationPortraitUpsideDown UIInterfaceOrientationLandscapeLeft UIInterfaceOrientationLandscapeRight";
				INFOPLIST_KEY_UISupportedInterfaceOrientations_iPhone = "UIInterfaceOrientationPortrait UIInterfaceOrientationLandscapeLeft UIInterfaceOrientationLandscapeRight";
				LD_RUNPATH_SEARCH_PATHS = (
					"$(inherited)",
					"@executable_path/Frameworks",
				);
				MARKETING_VERSION = 1.0;
				PRODUCT_BUNDLE_IDENTIFIER = com.fastCampus.FastSwiftBasic;
				PRODUCT_NAME = "$(TARGET_NAME)";
				SWIFT_EMIT_LOC_STRINGS = YES;
				SWIFT_VERSION = 5.0;
				TARGETED_DEVICE_FAMILY = "1,2";
			};
			name = Release;
		};
/* End XCBuildConfiguration section */

/* Begin XCConfigurationList section */
		483FD9722BE64180001142D2 /* Build configuration list for PBXProject "FastSwiftBasic" */ = {
			isa = XCConfigurationList;
			buildConfigurations = (
				483FD9832BE64181001142D2 /* Debug */,
				483FD9842BE64181001142D2 /* Release */,
			);
			defaultConfigurationIsVisible = 0;
			defaultConfigurationName = Release;
		};
		483FD9852BE64181001142D2 /* Build configuration list for PBXNativeTarget "FastSwiftBasic" */ = {
			isa = XCConfigurationList;
			buildConfigurations = (
				483FD9862BE64181001142D2 /* Debug */,
				483FD9872BE64181001142D2 /* Release */,
			);
			defaultConfigurationIsVisible = 0;
			defaultConfigurationName = Release;
		};
/* End XCConfigurationList section */
	};
	rootObject = 483FD96F2BE64180001142D2 /* Project object */;
}
